
Microsoft Visual Studio Solution File, Format Version 12.00
# Visual Studio Version 16
VisualStudioVersion = 16.0.30804.86
MinimumVisualStudioVersion = 10.0.40219.1
Project("{FAE04EC0-301F-11D3-BF4B-00C04F79EFBC}") = "MusicWeatherService", "MusicWeatherService\MusicWeatherService.csproj", "{D4B4E1D3-9479-4F6B-B4E0-89D2F81076E3}"
EndProject
Global
	GlobalSection(SolutionConfigurationPlatforms) = preSolution
		Debug|Any CPU = Debug|Any CPU
		Release|Any CPU = Release|Any CPU
	EndGlobalSection
	GlobalSection(ProjectConfigurationPlatforms) = postSolution
		{D4B4E1D3-9479-4F6B-B4E0-89D2F81076E3}.Debug|Any CPU.ActiveCfg = Debug|Any CPU
		{D4B4E1D3-9479-4F6B-B4E0-89D2F81076E3}.Debug|Any CPU.Build.0 = Debug|Any CPU
		{D4B4E1D3-9479-4F6B-B4E0-89D2F81076E3}.Release|Any CPU.ActiveCfg = Release|Any CPU
		{D4B4E1D3-9479-4F6B-B4E0-89D2F81076E3}.Release|Any CPU.Build.0 = Release|Any CPU
	EndGlobalSection
	GlobalSection(SolutionProperties) = preSolution
		HideSolutionNode = FALSE
	EndGlobalSection
	GlobalSection(ExtensibilityGlobals) = postSolution
		SolutionGuid = {7EE098AA-607F-4DAB-901B-7A4AD157E527}
	EndGlobalSection
EndGlobal
